
Microsoft Visual Studio Solution File, Format Version 12.00
# Visual Studio Version 17
VisualStudioVersion = 17.6.33815.320
MinimumVisualStudioVersion = 10.0.40219.1
Project("{9A19103F-16F7-4668-BE54-9A1E7A4F7556}") = "DendriteTracer.Core", "DendriteTracer.Core\DendriteTracer.Core.csproj", "{C6123549-FD4D-4E86-843F-7C0107621D76}"
EndProject
Project("{9A19103F-16F7-4668-BE54-9A1E7A4F7556}") = "DendriteTracer.Tests", "DendriteTracer.Tests\DendriteTracer.Tests.csproj", "{2CB04DE4-4AD2-454D-97C3-3FFB2C85A6F8}"
EndProject
Project("{9A19103F-16F7-4668-BE54-9A1E7A4F7556}") = "DendriteTracer.Gui", "DendriteTracer.Gui\DendriteTracer.Gui.csproj", "{3334A4B8-597B-434E-97AB-8C2FB5BB39CF}"
EndProject
Global
	GlobalSection(SolutionConfigurationPlatforms) = preSolution
		Debug|Any CPU = Debug|Any CPU
		Release|Any CPU = Release|Any CPU
	EndGlobalSection
	GlobalSection(ProjectConfigurationPlatforms) = postSolution
		{C6123549-FD4D-4E86-843F-7C0107621D76}.Debug|Any CPU.ActiveCfg = Debug|Any CPU
		{C6123549-FD4D-4E86-843F-7C0107621D76}.Debug|Any CPU.Build.0 = Debug|Any CPU
		{C6123549-FD4D-4E86-843F-7C0107621D76}.Release|Any CPU.ActiveCfg = Release|Any CPU
		{C6123549-FD4D-4E86-843F-7C0107621D76}.Release|Any CPU.Build.0 = Release|Any CPU
		{2CB04DE4-4AD2-454D-97C3-3FFB2C85A6F8}.Debug|Any CPU.ActiveCfg = Debug|Any CPU
		{2CB04DE4-4AD2-454D-97C3-3FFB2C85A6F8}.Debug|Any CPU.Build.0 = Debug|Any CPU
		{2CB04DE4-4AD2-454D-97C3-3FFB2C85A6F8}.Release|Any CPU.ActiveCfg = Release|Any CPU
		{2CB04DE4-4AD2-454D-97C3-3FFB2C85A6F8}.Release|Any CPU.Build.0 = Release|Any CPU
		{3334A4B8-597B-434E-97AB-8C2FB5BB39CF}.Debug|Any CPU.ActiveCfg = Debug|Any CPU
		{3334A4B8-597B-434E-97AB-8C2FB5BB39CF}.Debug|Any CPU.Build.0 = Debug|Any CPU
		{3334A4B8-597B-434E-97AB-8C2FB5BB39CF}.Release|Any CPU.ActiveCfg = Release|Any CPU
		{3334A4B8-597B-434E-97AB-8C2FB5BB39CF}.Release|Any CPU.Build.0 = Release|Any CPU
	EndGlobalSection
	GlobalSection(SolutionProperties) = preSolution
		HideSolutionNode = FALSE
	EndGlobalSection
	GlobalSection(ExtensibilityGlobals) = postSolution
		SolutionGuid = {378EA0AB-7D37-41D6-9C55-0B505408E6ED}
	EndGlobalSection
EndGlobal
