
Microsoft Visual Studio Solution File, Format Version 12.00
# Visual Studio Version 17
VisualStudioVersion = 17.5.33414.496
MinimumVisualStudioVersion = 10.0.40219.1
Project("{9A19103F-16F7-4668-BE54-9A1E7A4F7556}") = "ImageRatioTool", "ImageRatioTool\ImageRatioTool.csproj", "{741705B5-4E8A-465F-88E1-6CCB9B1101F0}"
EndProject
Project("{FAE04EC0-301F-11D3-BF4B-00C04F79EFBC}") = "ImageRatioTool.Tests", "ImageRatioTool.Tests\ImageRatioTool.Tests.csproj", "{274C6183-FF3D-424A-8447-1C6F18F39BB7}"
EndProject
Global
	GlobalSection(SolutionConfigurationPlatforms) = preSolution
		Debug|Any CPU = Debug|Any CPU
		Release|Any CPU = Release|Any CPU
	EndGlobalSection
	GlobalSection(ProjectConfigurationPlatforms) = postSolution
		{741705B5-4E8A-465F-88E1-6CCB9B1101F0}.Debug|Any CPU.ActiveCfg = Debug|Any CPU
		{741705B5-4E8A-465F-88E1-6CCB9B1101F0}.Debug|Any CPU.Build.0 = Debug|Any CPU
		{741705B5-4E8A-465F-88E1-6CCB9B1101F0}.Release|Any CPU.ActiveCfg = Release|Any CPU
		{741705B5-4E8A-465F-88E1-6CCB9B1101F0}.Release|Any CPU.Build.0 = Release|Any CPU
		{274C6183-FF3D-424A-8447-1C6F18F39BB7}.Debug|Any CPU.ActiveCfg = Debug|Any CPU
		{274C6183-FF3D-424A-8447-1C6F18F39BB7}.Debug|Any CPU.Build.0 = Debug|Any CPU
		{274C6183-FF3D-424A-8447-1C6F18F39BB7}.Release|Any CPU.ActiveCfg = Release|Any CPU
		{274C6183-FF3D-424A-8447-1C6F18F39BB7}.Release|Any CPU.Build.0 = Release|Any CPU
	EndGlobalSection
	GlobalSection(SolutionProperties) = preSolution
		HideSolutionNode = FALSE
	EndGlobalSection
	GlobalSection(ExtensibilityGlobals) = postSolution
		SolutionGuid = {71721E96-1832-4BF4-A9BD-D890DC25027D}
	EndGlobalSection
EndGlobal
